{
  "version": 4,
  "terraform_version": "1.12.2",
  "serial": 12,
  "lineage": "a030d3f9-6351-9714-f4e9-c791b5dcb88b",
  "outputs": {
    "app_service_url": {
      "value": "aztek-flask-app.azurewebsites.net",
      "type": "string"
    },
    "frontdoor_url": {
      "value": "aztek-frontdoor.azurefd.net",
      "type": "string"
    }
  },
  "resources": [
    {
      "mode": "managed",
      "type": "azurerm_app_service",
      "name": "main",
      "provider": "provider[\"registry.terraform.io/hashicorp/azurerm\"]",
      "instances": [
        {
          "schema_version": 0,
          "attributes": {
            "app_service_plan_id": "/subscriptions/602676dc-1342-479b-93fe-61a2ff5a1079/resourceGroups/aztek-app-rg/providers/Microsoft.Web/serverFarms/aztek-app-plan",
            "app_settings": {
              "DATABASE_URL": "\"AccountEndpoint=https://aztekcosmos44898.documents.azure.com:443/;AccountKey=38Skak2bt4Mv0zONhUEohWEcTk8uyx4oWqm5hN4aH3jPwusT7fLjCuXcCRcjkPPnfslGMzMcppBMACDbbJbJQw==;\"",
              "FLASK_SECRET_KEY": "s9f8d7s6f5s4d3f2s1df",
              "OPENWEATHER_API_KEY": "245fd63ea6cd809825b6e66c61b9f730"
            },
            "auth_settings": [
              {
                "active_directory": [],
                "additional_login_params": {},
                "allowed_external_redirect_urls": [],
                "default_provider": "",
                "enabled": false,
                "facebook": [],
                "google": [],
                "issuer": "",
                "microsoft": [],
                "runtime_version": "",
                "token_refresh_extension_hours": 0,
                "token_store_enabled": false,
                "twitter": [],
                "unauthenticated_client_action": ""
              }
            ],
            "backup": [],
            "client_affinity_enabled": false,
            "client_cert_enabled": false,
            "client_cert_mode": "Required",
            "connection_string": [],
            "custom_domain_verification_id": "8EC3D9028115BF3968F8ABC200869389D62A6B475124AB275E551AF97AA938D4",
            "default_site_hostname": "aztek-flask-app.azurewebsites.net",
            "enabled": true,
            "https_only": false,
            "id": "/subscriptions/602676dc-1342-479b-93fe-61a2ff5a1079/resourceGroups/aztek-app-rg/providers/Microsoft.Web/sites/aztek-flask-app",
            "identity": [],
            "key_vault_reference_identity_id": "SystemAssigned",
            "location": "northeurope",
            "logs": [
              {
                "application_logs": [
                  {
                    "azure_blob_storage": [],
                    "file_system_level": "Off"
                  }
                ],
                "detailed_error_messages_enabled": false,
                "failed_request_tracing_enabled": false,
                "http_logs": [
                  {
                    "azure_blob_storage": [],
                    "file_system": []
                  }
                ]
              }
            ],
            "name": "aztek-flask-app",
            "outbound_ip_address_list": [
              "20.123.103.120",
              "20.123.103.130",
              "20.123.103.144",
              "20.123.103.162",
              "20.123.103.175",
              "20.123.103.188",
              "20.107.224.12"
            ],
            "outbound_ip_addresses": "20.123.103.120,20.123.103.130,20.123.103.144,20.123.103.162,20.123.103.175,20.123.103.188,20.107.224.12",
            "possible_outbound_ip_address_list": [
              "20.123.103.120",
              "20.123.103.130",
              "20.123.103.144",
              "20.123.103.162",
              "20.123.103.175",
              "20.123.103.188",
              "20.123.103.191",
              "20.123.103.198",
              "20.123.103.212",
              "20.123.103.215",
              "20.123.103.222",
              "20.123.103.244",
              "20.123.103.252",
              "20.223.104.18",
              "20.223.104.20",
              "20.123.98.40",
              "20.223.104.23",
              "20.223.104.32",
              "20.223.104.41",
              "20.223.104.45",
              "20.123.97.195",
              "20.223.104.59",
              "20.223.104.167",
              "20.223.104.177",
              "20.107.224.12"
            ],
            "possible_outbound_ip_addresses": "20.123.103.120,20.123.103.130,20.123.103.144,20.123.103.162,20.123.103.175,20.123.103.188,20.123.103.191,20.123.103.198,20.123.103.212,20.123.103.215,20.123.103.222,20.123.103.244,20.123.103.252,20.223.104.18,20.223.104.20,20.123.98.40,20.223.104.23,20.223.104.32,20.223.104.41,20.223.104.45,20.123.97.195,20.223.104.59,20.223.104.167,20.223.104.177,20.107.224.12",
            "resource_group_name": "aztek-app-rg",
            "site_config": [
              {
                "acr_use_managed_identity_credentials": false,
                "acr_user_managed_identity_client_id": "",
                "always_on": true,
                "app_command_line": "cd weather-app \u0026\u0026 gunicorn --bind=0.0.0.0 --timeout 600 app:app",
                "auto_swap_slot_name": "",
                "cors": [
                  {
                    "allowed_origins": [],
                    "support_credentials": false
                  }
                ],
                "default_documents": [],
                "dotnet_framework_version": "v4.0",
                "ftps_state": "FtpsOnly",
                "health_check_path": "",
                "http2_enabled": false,
                "ip_restriction": [],
                "java_container": "",
                "java_container_version": "",
                "java_version": "",
                "linux_fx_version": "PYTHON|3.11",
                "local_mysql_enabled": false,
                "managed_pipeline_mode": "Integrated",
                "min_tls_version": "1.2",
                "number_of_workers": 1,
                "php_version": "",
                "python_version": "",
                "remote_debugging_enabled": false,
                "remote_debugging_version": "VS2022",
                "scm_ip_restriction": [],
                "scm_type": "None",
                "scm_use_main_ip_restriction": false,
                "use_32_bit_worker_process": false,
                "vnet_route_all_enabled": false,
                "websockets_enabled": false,
                "windows_fx_version": ""
              }
            ],
            "site_credential": [
              {
                "password": "jwrBbKZxrveXzHHQYRu2HcKFkbiEQvg7AX8libKL2gTMAZxniWNNfEzloBvt",
                "username": "$aztek-flask-app"
              }
            ],
            "source_control": [
              {
                "branch": "main",
                "manual_integration": false,
                "repo_url": "",
                "rollback_enabled": false,
                "use_mercurial": false
              }
            ],
            "storage_account": [],
            "tags": {
              "created_By": "None",
              "created_Date": "21-08-2025"
            },
            "timeouts": null
          },
          "sensitive_attributes": [
            [
              {
                "type": "get_attr",
                "value": "app_settings"
              },
              {
                "type": "index",
                "value": {
                  "value": "FLASK_SECRET_KEY",
                  "type": "string"
                }
              }
            ],
            [
              {
                "type": "get_attr",
                "value": "app_settings"
              },
              {
                "type": "index",
                "value": {
                  "value": "OPENWEATHER_API_KEY",
                  "type": "string"
                }
              }
            ]
          ],
          "identity_schema_version": 0,
          "private": "eyJlMmJmYjczMC1lY2FhLTExZTYtOGY4OC0zNDM2M2JjN2M0YzAiOnsiY3JlYXRlIjoxODAwMDAwMDAwMDAwLCJkZWxldGUiOjE4MDAwMDAwMDAwMDAsInJlYWQiOjMwMDAwMDAwMDAwMCwidXBkYXRlIjoxODAwMDAwMDAwMDAwfX0=",
          "dependencies": [
            "azurerm_app_service_plan.main",
            "azurerm_postgresql_flexible_server.main",
            "azurerm_postgresql_flexible_server_database.main",
            "azurerm_resource_group.main"
          ]
        }
      ]
    },
    {
      "mode": "managed",
      "type": "azurerm_app_service_plan",
      "name": "main",
      "provider": "provider[\"registry.terraform.io/hashicorp/azurerm\"]",
      "instances": [
        {
          "schema_version": 1,
          "attributes": {
            "app_service_environment_id": "",
            "id": "/subscriptions/602676dc-1342-479b-93fe-61a2ff5a1079/resourceGroups/aztek-app-rg/providers/Microsoft.Web/serverFarms/aztek-app-plan",
            "is_xenon": false,
            "kind": "linux",
            "location": "northeurope",
            "maximum_elastic_worker_count": 1,
            "maximum_number_of_workers": 3,
            "name": "aztek-app-plan",
            "per_site_scaling": false,
            "reserved": true,
            "resource_group_name": "aztek-app-rg",
            "sku": [
              {
                "capacity": 1,
                "size": "B1",
                "tier": "Basic"
              }
            ],
            "tags": {
              "created_By": "None",
              "created_Date": "21-08-2025"
            },
            "timeouts": null,
            "zone_redundant": false
          },
          "sensitive_attributes": [],
          "identity_schema_version": 0,
          "private": "eyJlMmJmYjczMC1lY2FhLTExZTYtOGY4OC0zNDM2M2JjN2M0YzAiOnsiY3JlYXRlIjozNjAwMDAwMDAwMDAwLCJkZWxldGUiOjM2MDAwMDAwMDAwMDAsInJlYWQiOjMwMDAwMDAwMDAwMCwidXBkYXRlIjozNjAwMDAwMDAwMDAwfSwic2NoZW1hX3ZlcnNpb24iOiIxIn0=",
          "dependencies": [
            "azurerm_resource_group.main"
          ]
        }
      ]
    },
    {
      "mode": "managed",
      "type": "azurerm_resource_group",
      "name": "main",
      "provider": "provider[\"registry.terraform.io/hashicorp/azurerm\"]",
      "instances": [
        {
          "schema_version": 0,
          "attributes": {
            "id": "/subscriptions/602676dc-1342-479b-93fe-61a2ff5a1079/resourceGroups/aztek-app-rg",
            "location": "northeurope",
            "managed_by": "",
            "name": "aztek-app-rg",
            "tags": {
              "created_By": "None",
              "created_Date": "21-08-2025"
            },
            "timeouts": null
          },
          "sensitive_attributes": [],
          "identity_schema_version": 0,
          "private": "eyJlMmJmYjczMC1lY2FhLTExZTYtOGY4OC0zNDM2M2JjN2M0YzAiOnsiY3JlYXRlIjo1NDAwMDAwMDAwMDAwLCJkZWxldGUiOjU0MDAwMDAwMDAwMDAsInJlYWQiOjMwMDAwMDAwMDAwMCwidXBkYXRlIjo1NDAwMDAwMDAwMDAwfX0="
        }
      ]
    }
  ],
  "check_results": null
}
