{
  "version": 4,
  "terraform_version": "1.12.2",
  "serial": 19,
  "lineage": "a030d3f9-6351-9714-f4e9-c791b5dcb88b",
  "outputs": {
    "app_service_url": {
      "value": "aztek-flask-app.azurewebsites.net",
      "type": "string"
    },
    "frontdoor_url": {
      "value": "aztek-frontdoor.azurefd.net",
      "type": "string"
    }
  },
  "resources": [
    {
      "mode": "managed",
      "type": "azurerm_app_service",
      "name": "main",
      "provider": "provider[\"registry.terraform.io/hashicorp/azurerm\"]",
      "instances": [
        {
          "schema_version": 0,
          "attributes": {
            "app_service_plan_id": "/subscriptions/602676dc-1342-479b-93fe-61a2ff5a1079/resourceGroups/aztek-app-rg/providers/Microsoft.Web/serverFarms/aztek-flask-app-plan",
            "app_settings": {
              "DATABASE_URL": "postgresql://pgadminuser:StrongPassword123!@aztekpgserver.postgres.database.azure.com:5432/aztekdb?sslmode=require",
              "FLASK_SECRET_KEY": "s9f8d7s6f5s4d3f2s1df",
              "OPENWEATHER_API_KEY": "245fd63ea6cd809825b6e66c61b9f730",
              "WEBSITES_PORT": "8000"
            },
            "auth_settings": [
              {
                "active_directory": [],
                "additional_login_params": {},
                "allowed_external_redirect_urls": [],
                "default_provider": "",
                "enabled": false,
                "facebook": [],
                "google": [],
                "issuer": "",
                "microsoft": [],
                "runtime_version": "",
                "token_refresh_extension_hours": 0,
                "token_store_enabled": false,
                "twitter": [],
                "unauthenticated_client_action": ""
              }
            ],
            "backup": [],
            "client_affinity_enabled": false,
            "client_cert_enabled": false,
            "client_cert_mode": "Required",
            "connection_string": [],
            "custom_domain_verification_id": "8EC3D9028115BF3968F8ABC200869389D62A6B475124AB275E551AF97AA938D4",
            "default_site_hostname": "aztek-flask-app.azurewebsites.net",
            "enabled": true,
            "https_only": false,
            "id": "/subscriptions/602676dc-1342-479b-93fe-61a2ff5a1079/resourceGroups/aztek-app-rg/providers/Microsoft.Web/sites/aztek-flask-app",
            "identity": [
              {
                "identity_ids": null,
                "principal_id": "513977eb-f97c-447a-a8ea-3cd99f7b2ff6",
                "tenant_id": "3d16c4fe-57a6-4332-b56d-3a89bbd4c960",
                "type": "SystemAssigned"
              }
            ],
            "key_vault_reference_identity_id": "SystemAssigned",
            "location": "northeurope",
            "logs": [
              {
                "application_logs": [
                  {
                    "azure_blob_storage": [],
                    "file_system_level": "Off"
                  }
                ],
                "detailed_error_messages_enabled": false,
                "failed_request_tracing_enabled": false,
                "http_logs": [
                  {
                    "azure_blob_storage": [],
                    "file_system": []
                  }
                ]
              }
            ],
            "name": "aztek-flask-app",
            "outbound_ip_address_list": [
              "4.231.132.78",
              "20.223.46.195",
              "4.231.132.99",
              "20.223.42.120",
              "20.223.46.223",
              "4.231.128.5",
              "20.223.45.250",
              "20.223.47.40",
              "20.223.47.71",
              "4.231.128.11",
              "4.231.128.96",
              "4.231.129.42",
              "20.107.224.59"
            ],
            "outbound_ip_addresses": "4.231.132.78,20.223.46.195,4.231.132.99,20.223.42.120,20.223.46.223,4.231.128.5,20.223.45.250,20.223.47.40,20.223.47.71,4.231.128.11,4.231.128.96,4.231.129.42,20.107.224.59",
            "possible_outbound_ip_address_list": [
              "4.231.132.78",
              "20.223.46.195",
              "4.231.132.99",
              "20.223.42.120",
              "20.223.46.223",
              "4.231.128.5",
              "20.223.45.250",
              "20.223.47.40",
              "20.223.47.71",
              "4.231.128.11",
              "4.231.128.96",
              "4.231.129.42",
              "4.231.129.78",
              "4.231.130.19",
              "4.231.130.64",
              "4.231.131.226",
              "4.231.131.240",
              "4.231.132.9",
              "4.231.132.15",
              "20.223.45.16",
              "20.223.45.25",
              "20.223.45.174",
              "4.231.128.179",
              "20.223.46.94",
              "4.231.128.92",
              "4.231.128.124",
              "4.231.128.12",
              "4.231.128.83",
              "4.231.128.134",
              "4.231.132.131",
              "20.107.224.59"
            ],
            "possible_outbound_ip_addresses": "4.231.132.78,20.223.46.195,4.231.132.99,20.223.42.120,20.223.46.223,4.231.128.5,20.223.45.250,20.223.47.40,20.223.47.71,4.231.128.11,4.231.128.96,4.231.129.42,4.231.129.78,4.231.130.19,4.231.130.64,4.231.131.226,4.231.131.240,4.231.132.9,4.231.132.15,20.223.45.16,20.223.45.25,20.223.45.174,4.231.128.179,20.223.46.94,4.231.128.92,4.231.128.124,4.231.128.12,4.231.128.83,4.231.128.134,4.231.132.131,20.107.224.59",
            "resource_group_name": "aztek-app-rg",
            "site_config": [
              {
                "acr_use_managed_identity_credentials": false,
                "acr_user_managed_identity_client_id": "",
                "always_on": true,
                "app_command_line": "",
                "auto_swap_slot_name": "",
                "cors": [
                  {
                    "allowed_origins": [],
                    "support_credentials": false
                  }
                ],
                "default_documents": null,
                "dotnet_framework_version": "v4.0",
                "ftps_state": "FtpsOnly",
                "health_check_path": "",
                "http2_enabled": false,
                "ip_restriction": [],
                "java_container": "",
                "java_container_version": "",
                "java_version": "",
                "linux_fx_version": "PYTHON|3.11",
                "local_mysql_enabled": false,
                "managed_pipeline_mode": "Integrated",
                "min_tls_version": "1.2",
                "number_of_workers": 1,
                "php_version": "",
                "python_version": "",
                "remote_debugging_enabled": false,
                "remote_debugging_version": "VS2022",
                "scm_ip_restriction": [],
                "scm_type": "None",
                "scm_use_main_ip_restriction": false,
                "use_32_bit_worker_process": false,
                "vnet_route_all_enabled": false,
                "websockets_enabled": false,
                "windows_fx_version": ""
              }
            ],
            "site_credential": [
              {
                "password": "ZlvRjBaaGnDK3GJkobm0XLNr2g4agjXs9nTNsJ1ql5xZ9a1ku7LhMRkd1eK2",
                "username": "$aztek-flask-app"
              }
            ],
            "source_control": [
              {
                "branch": "main",
                "manual_integration": false,
                "repo_url": "",
                "rollback_enabled": false,
                "use_mercurial": false
              }
            ],
            "storage_account": [],
            "tags": {
              "created_By": "None",
              "created_Date": "21-08-2025"
            },
            "timeouts": null
          },
          "sensitive_attributes": [
            [
              {
                "type": "get_attr",
                "value": "app_settings"
              },
              {
                "type": "index",
                "value": {
                  "value": "DATABASE_URL",
                  "type": "string"
                }
              }
            ],
            [
              {
                "type": "get_attr",
                "value": "app_settings"
              },
              {
                "type": "index",
                "value": {
                  "value": "FLASK_SECRET_KEY",
                  "type": "string"
                }
              }
            ],
            [
              {
                "type": "get_attr",
                "value": "app_settings"
              },
              {
                "type": "index",
                "value": {
                  "value": "OPENWEATHER_API_KEY",
                  "type": "string"
                }
              }
            ]
          ],
          "identity_schema_version": 0,
          "private": "eyJlMmJmYjczMC1lY2FhLTExZTYtOGY4OC0zNDM2M2JjN2M0YzAiOnsiY3JlYXRlIjoxODAwMDAwMDAwMDAwLCJkZWxldGUiOjE4MDAwMDAwMDAwMDAsInJlYWQiOjMwMDAwMDAwMDAwMCwidXBkYXRlIjoxODAwMDAwMDAwMDAwfX0=",
          "dependencies": [
            "azurerm_app_service_plan.main",
            "azurerm_postgresql_flexible_server.main",
            "azurerm_postgresql_flexible_server_database.main",
            "azurerm_resource_group.main"
          ]
        }
      ]
    },
    {
      "mode": "managed",
      "type": "azurerm_app_service_plan",
      "name": "main",
      "provider": "provider[\"registry.terraform.io/hashicorp/azurerm\"]",
      "instances": [
        {
          "schema_version": 1,
          "attributes": {
            "app_service_environment_id": "",
            "id": "/subscriptions/602676dc-1342-479b-93fe-61a2ff5a1079/resourceGroups/aztek-app-rg/providers/Microsoft.Web/serverFarms/aztek-flask-app-plan",
            "is_xenon": false,
            "kind": "linux",
            "location": "northeurope",
            "maximum_elastic_worker_count": 1,
            "maximum_number_of_workers": 3,
            "name": "aztek-flask-app-plan",
            "per_site_scaling": false,
            "reserved": true,
            "resource_group_name": "aztek-app-rg",
            "sku": [
              {
                "capacity": 1,
                "size": "B1",
                "tier": "Basic"
              }
            ],
            "tags": {
              "created_By": "None",
              "created_Date": "21-08-2025"
            },
            "timeouts": null,
            "zone_redundant": false
          },
          "sensitive_attributes": [],
          "identity_schema_version": 0,
          "private": "eyJlMmJmYjczMC1lY2FhLTExZTYtOGY4OC0zNDM2M2JjN2M0YzAiOnsiY3JlYXRlIjozNjAwMDAwMDAwMDAwLCJkZWxldGUiOjM2MDAwMDAwMDAwMDAsInJlYWQiOjMwMDAwMDAwMDAwMCwidXBkYXRlIjozNjAwMDAwMDAwMDAwfSwic2NoZW1hX3ZlcnNpb24iOiIxIn0=",
          "dependencies": [
            "azurerm_resource_group.main"
          ]
        }
      ]
    },
    {
      "mode": "managed",
      "type": "azurerm_postgresql_flexible_server",
      "name": "main",
      "provider": "provider[\"registry.terraform.io/hashicorp/azurerm\"]",
      "instances": [
        {
          "schema_version": 0,
          "attributes": {
            "administrator_login": "pgadminuser",
            "administrator_password": "StrongPassword123!",
            "authentication": [
              {
                "active_directory_auth_enabled": false,
                "password_auth_enabled": true,
                "tenant_id": ""
              }
            ],
            "auto_grow_enabled": false,
            "backup_retention_days": 7,
            "create_mode": null,
            "customer_managed_key": [],
            "delegated_subnet_id": "",
            "fqdn": "aztekpgserver.postgres.database.azure.com",
            "geo_redundant_backup_enabled": false,
            "high_availability": [],
            "id": "/subscriptions/602676dc-1342-479b-93fe-61a2ff5a1079/resourceGroups/aztek-app-rg/providers/Microsoft.DBforPostgreSQL/flexibleServers/aztekpgserver",
            "identity": [],
            "location": "northeurope",
            "maintenance_window": [],
            "name": "aztekpgserver",
            "point_in_time_restore_time_in_utc": null,
            "private_dns_zone_id": "",
            "public_network_access_enabled": true,
            "replication_role": "",
            "resource_group_name": "aztek-app-rg",
            "sku_name": "B_Standard_B1ms",
            "source_server_id": null,
            "storage_mb": 32768,
            "storage_tier": "P4",
            "tags": {
              "created_By": "None",
              "created_Date": "21-08-2025"
            },
            "timeouts": null,
            "version": "15",
            "zone": "1"
          },
          "sensitive_attributes": [
            [
              {
                "type": "get_attr",
                "value": "administrator_password"
              }
            ]
          ],
          "identity_schema_version": 0,
          "private": "eyJlMmJmYjczMC1lY2FhLTExZTYtOGY4OC0zNDM2M2JjN2M0YzAiOnsiY3JlYXRlIjozNjAwMDAwMDAwMDAwLCJkZWxldGUiOjM2MDAwMDAwMDAwMDAsInJlYWQiOjMwMDAwMDAwMDAwMCwidXBkYXRlIjozNjAwMDAwMDAwMDAwfX0=",
          "dependencies": [
            "azurerm_resource_group.main"
          ]
        }
      ]
    },
    {
      "mode": "managed",
      "type": "azurerm_postgresql_flexible_server_database",
      "name": "main",
      "provider": "provider[\"registry.terraform.io/hashicorp/azurerm\"]",
      "instances": [
        {
          "schema_version": 0,
          "attributes": {
            "charset": "UTF8",
            "collation": "en_US.utf8",
            "id": "/subscriptions/602676dc-1342-479b-93fe-61a2ff5a1079/resourceGroups/aztek-app-rg/providers/Microsoft.DBforPostgreSQL/flexibleServers/aztekpgserver/databases/aztekdb",
            "name": "aztekdb",
            "server_id": "/subscriptions/602676dc-1342-479b-93fe-61a2ff5a1079/resourceGroups/aztek-app-rg/providers/Microsoft.DBforPostgreSQL/flexibleServers/aztekpgserver",
            "timeouts": null
          },
          "sensitive_attributes": [],
          "identity_schema_version": 0,
          "private": "eyJlMmJmYjczMC1lY2FhLTExZTYtOGY4OC0zNDM2M2JjN2M0YzAiOnsiY3JlYXRlIjoxODAwMDAwMDAwMDAwLCJkZWxldGUiOjE4MDAwMDAwMDAwMDAsInJlYWQiOjMwMDAwMDAwMDAwMH19",
          "dependencies": [
            "azurerm_postgresql_flexible_server.main",
            "azurerm_resource_group.main"
          ]
        }
      ]
    },
    {
      "mode": "managed",
      "type": "azurerm_resource_group",
      "name": "main",
      "provider": "provider[\"registry.terraform.io/hashicorp/azurerm\"]",
      "instances": [
        {
          "schema_version": 0,
          "attributes": {
            "id": "/subscriptions/602676dc-1342-479b-93fe-61a2ff5a1079/resourceGroups/aztek-app-rg",
            "location": "northeurope",
            "managed_by": "",
            "name": "aztek-app-rg",
            "tags": {
              "created_By": "None",
              "created_Date": "21-08-2025"
            },
            "timeouts": null
          },
          "sensitive_attributes": [],
          "identity_schema_version": 0,
          "private": "eyJlMmJmYjczMC1lY2FhLTExZTYtOGY4OC0zNDM2M2JjN2M0YzAiOnsiY3JlYXRlIjo1NDAwMDAwMDAwMDAwLCJkZWxldGUiOjU0MDAwMDAwMDAwMDAsInJlYWQiOjMwMDAwMDAwMDAwMCwidXBkYXRlIjo1NDAwMDAwMDAwMDAwfX0="
        }
      ]
    }
  ],
  "check_results": null
}
